PODS:
  - Alamofire (4.6.0)
  - app-cordova-template (0.0.1)
  - AppPlatform/AppManager (0.1.0):
    - SwiftLint
  - AppPlatform/AppPlatform (0.1.0):
    - SwiftLint
  - AppPlatform/AuthModule (0.1.0):
    - Alamofire
    - JWTDecode
    - SwiftLint
  - AppPlatform/BiometricModule (0.1.0):
    - KeychainAccess (~> 3.0)
    - SwiftLint
  - AppPlatform/CordovaView (0.1.0):
    - AppPlatform/AppManager
    - Cordova (~> 4.0.1)
    - lmig-webview-engine-plugin
    - SwiftLint
    - XCGLogger (~> 6.0.1)
  - AppPlatform/ReactNativeView (0.1.0):
    - AppPlatform/AppManager
    - React (~> 0.50.4)
    - SwiftLint
    - yoga
  - boost (1.63.0):
    - boost/graph-includes (= 1.63.0)
    - boost/math-includes (= 1.63.0)
    - boost/numeric-includes (= 1.63.0)
    - boost/pointer_cast-includes (= 1.63.0)
    - boost/preprocessor-includes (= 1.63.0)
    - boost/shared_ptr-includes (= 1.63.0)
    - boost/string_algorithms-includes (= 1.63.0)
    - boost/type_index-includes (= 1.63.0)
  - boost/graph-includes (1.63.0)
  - boost/math-includes (1.63.0)
  - boost/numeric-includes (1.63.0)
  - boost/pointer_cast-includes (1.63.0)
  - boost/preprocessor-includes (1.63.0)
  - boost/shared_ptr-includes (1.63.0)
  - boost/string_algorithms-includes (1.63.0)
  - boost/type_index-includes (1.63.0)
  - Cordova (4.0.1)
  - cordova-plugin-camera (2.1.0):
    - Cordova (>= 4.0.1)
  - cordova-plugin-device (1.1.1):
    - Cordova (>= 4.0.1)
  - cordova-plugin-dialogs (1.2.1):
    - Cordova (>= 4.0.1)
  - cordova-plugin-file (4.1.1):
    - Cordova (>= 4.0.1)
  - cordova-plugin-geolocation (2.1.0):
    - Cordova (>= 4.0.1)
  - cordova-plugin-network-information (1.2.0):
    - Cordova (>= 4.0.1)
  - cordova-plugin-splashscreen (2.1.0):
    - Cordova (>= 3.0.0)
  - CordovaPlugin-console (0.2.10):
    - Cordova (>= 3.0.0)
  - DoubleConversion (1.1.5)
  - Folly (2016.09.26.00):
    - boost
    - DoubleConversion
    - GLog
  - GLog (0.3.4)
  - JWTDecode (2.1.1)
  - KeychainAccess (3.1.0)
  - lmig-webview-engine-plugin (0.0.1):
    - Cordova (>= 4.0.1)
  - ObjcExceptionBridging (1.0.1):
    - ObjcExceptionBridging/ObjcExceptionBridging (= 1.0.1)
  - ObjcExceptionBridging/ObjcExceptionBridging (1.0.1)
  - React (0.50.4):
    - React/Core (= 0.50.4)
  - React/Core (0.50.4):
    - yoga (= 0.50.4.React)
  - React/CxxBridge (0.50.4):
    - Folly (= 2016.09.26.00)
    - React/Core
    - React/cxxreact
  - React/cxxreact (0.50.4):
    - boost
    - Folly (= 2016.09.26.00)
    - React/jschelpers
  - React/DevSupport (0.50.4):
    - React/Core
    - React/RCTWebSocket
  - React/fishhook (0.50.4)
  - React/jschelpers (0.50.4):
    - Folly (= 2016.09.26.00)
    - React/PrivateDatabase
  - React/PrivateDatabase (0.50.4)
  - React/RCTAnimation (0.50.4):
    - React/Core
  - React/RCTBlob (0.50.4):
    - React/Core
  - React/RCTImage (0.50.4):
    - React/Core
    - React/RCTNetwork
  - React/RCTLinkingIOS (0.50.4):
    - React/Core
  - React/RCTNetwork (0.50.4):
    - React/Core
  - React/RCTText (0.50.4):
    - React/Core
  - React/RCTWebSocket (0.50.4):
    - React/Core
    - React/fishhook
    - React/RCTBlob
  - SwiftLint (0.24.0)
  - XCGLogger (6.0.2):
    - XCGLogger/Core (= 6.0.2)
  - XCGLogger/Core (6.0.2):
    - ObjcExceptionBridging
  - yoga (0.50.4.React)

DEPENDENCIES:
  - Alamofire (~> 4.4)
  - app-cordova-template (from `../`)
  - AppPlatform/AppManager (from `../../../ios`)
  - AppPlatform/AppPlatform (from `../../../ios`)
  - AppPlatform/AuthModule (from `../../../ios`)
  - AppPlatform/BiometricModule (from `../../../ios`)
  - AppPlatform/CordovaView (from `../../../ios`)
  - AppPlatform/ReactNativeView (from `../../../ios`)
  - boost (from `boost.podspec`)
  - Cordova (~> 4.0.1)
  - cordova-plugin-camera (~> 2.1.0)
  - cordova-plugin-device (~> 1.1.0)
  - cordova-plugin-dialogs (from `../../../cordova-plugins/podspecs`)
  - cordova-plugin-file (~> 4.1.0)
  - cordova-plugin-geolocation (~> 2.1.0)
  - cordova-plugin-network-information (~> 1.2.0)
  - cordova-plugin-splashscreen (~> 2.1.0)
  - CordovaPlugin-console (~> 0.2.10)
  - DoubleConversion (from `../node_modules/react-native/third-party-podspecs/DoubleConversion.podspec`)
  - Folly (from `../node_modules/react-native/third-party-podspecs/Folly.podspec`)
  - GLog (from `../node_modules/react-native/third-party-podspecs/GLog.podspec`)
  - JWTDecode
  - KeychainAccess (~> 3.0)
  - lmig-webview-engine-plugin (from `../../../cordova-plugins/lmig-webview-engine-plugin`)
  - React/Core (from `../node_modules/react-native`)
  - React/CxxBridge (from `../node_modules/react-native`)
  - React/DevSupport (from `../node_modules/react-native`)
  - React/RCTAnimation (from `../node_modules/react-native`)
  - React/RCTImage (from `../node_modules/react-native`)
  - React/RCTLinkingIOS (from `../node_modules/react-native`)
  - React/RCTNetwork (from `../node_modules/react-native`)
  - React/RCTText (from `../node_modules/react-native`)
  - React/RCTWebSocket (from `../node_modules/react-native`)
  - SwiftLint
  - XCGLogger (~> 6.0.1)
  - yoga (from `../node_modules/react-native/ReactCommon/yoga`)

EXTERNAL SOURCES:
  app-cordova-template:
    :path: ../
  AppPlatform:
    :path: ../../../ios
  boost:
    :podspec: boost.podspec
  cordova-plugin-dialogs:
    :path: ../../../cordova-plugins/podspecs
  DoubleConversion:
    :podspec: ../node_modules/react-native/third-party-podspecs/DoubleConversion.podspec
  Folly:
    :podspec: ../node_modules/react-native/third-party-podspecs/Folly.podspec
  GLog:
    :podspec: ../node_modules/react-native/third-party-podspecs/GLog.podspec
  lmig-webview-engine-plugin:
    :path: ../../../cordova-plugins/lmig-webview-engine-plugin
  React:
    :path: ../node_modules/react-native
  yoga:
    :path: ../node_modules/react-native/ReactCommon/yoga

SPEC CHECKSUMS:
  Alamofire: f41a599bd63041760b26d393ec1069d9d7b917f4
  app-cordova-template: 1ac9c33c5b4d41279647e26622e0118315da7a6a
  AppPlatform: 6d12ed65b675f304d25fa6a0d03d8a81bafc2850
  boost: cafc99fdecc05113aa4a36025abe33fde2feba0d
  Cordova: a83108a483fe01d06ecabb9d83bdbf773cb8b22c
  cordova-plugin-camera: 714413dfb2e148aed9caddc6af69192cd681a133
  cordova-plugin-device: 3412e6b48e329996ba17c845cdd25cb9ac0af7e2
  cordova-plugin-dialogs: 8e8d3886e1ff3102baa5a7f69a331782f81ece7b
  cordova-plugin-file: 31e1ab607c12f141592e040885bb383513683227
  cordova-plugin-geolocation: 05450762ef68612bf857b61c36877b21c1266420
  cordova-plugin-network-information: eb6d5b97e395f9c0199cae2128319c054753f3ea
  cordova-plugin-splashscreen: 8783df8974b6026e70fdcd5ca04b495d6e35abaa
  CordovaPlugin-console: aeb6015a9830edaaf8158a6b49f18189ebf38aa5
  DoubleConversion: ebb6747c5b66026ad4f97b789c3ceac6f18e57a6
  Folly: b7255b29f1d693c375d642d0f04f0592181156d9
  GLog: 3e4e4ae9746ce6bf6e9420c7fc1e08ad59c8ba1a
  JWTDecode: 83e8b381aafe27158d9f692cbdca2b12d61d460c
  KeychainAccess: 94c5540b32eabf7bc32bfb976a268e8ea05fd6da
  lmig-webview-engine-plugin: 6e9df0a60b548df224940943d89c1bdc18c531f2
  ObjcExceptionBridging: c30e00eb3700467e695faeea30e26e18bd445001
  React: 541ba768b9855e10cdc76f55427a5cd0653ca806
  SwiftLint: a014c92b4664e8b13f380f8640a51bb1733778ba
  XCGLogger: c9601cae9a8912de34a58666ba931ed3d624dd31
  yoga: 17521bbb0dd54a47c0b3ac43253e78cdac7488e0

PODFILE CHECKSUM: 6506cc75e0c78d0dfbec704eace1e573ed2ae03e

COCOAPODS: 1.4.0.rc.1
